<Solution>
  <Project Path="Backend-session2/Backend_session2.csproj" Id="5f4d9afa-f59a-4b41-8cce-07be59ef1aac" />
  <Project Path="Backend-session3/Backend_session3.csproj" />
  <Project Path="Backend-session6/Backend_session6.csproj" />
  <Project Path="Backend-session7/Backend_session7.csproj" Id="367465bc-09b8-42e4-baa0-b1b084355bd0" />
  <Project Path="Backend-session8/Backend_session8.csproj" />
  <Project Path="Backend-session9/Backend_session9.csproj" Id="781212c4-e72f-412f-8ad0-b6e15ee95fe1" />
  <Project Path="Backend_session1/Backend_session1.csproj" Id="eedd3b7b-25ab-4897-a4bb-bb3b42db7be0" />
  <Project Path="Backend_session4/Backend_session4.csproj" Id="21036397-1835-48c1-9755-0f0047dae037" />
  <Project Path="Backend_session5/Backend_session5.csproj" />
  <Project Path="Backend_session_10/Backend_session_10.csproj" />
  <Project Path="Backend_session_10_SoC/Backend_session_10_SoC.csproj" Id="6fc5b366-ff5a-43d4-bcb5-deefe8ec44eb" />
</Solution>
